
Microsoft Visual Studio Solution File, Format Version 12.00
# Visual Studio 14
VisualStudioVersion = 14.0.25123.0
MinimumVisualStudioVersion = 10.0.40219.1
Project("{8BC9CEB8-8B4A-11D0-8D11-00A0C91BC942}") = "Recorder", "Recorder\Recorder.vcxproj", "{61513F94-0B6B-4FEC-A0D5-9CE8729A169C}"
EndProject
Project("{8BC9CEB8-8B4A-11D0-8D11-00A0C91BC942}") = "Undistorter", "Undistorter\Undistorter.vcxproj", "{0C1A0C1E-2E57-4A04-99E9-3421F1F6BF01}"
EndProject
Project("{8BC9CEB8-8B4A-11D0-8D11-00A0C91BC942}") = "FeatureExtractor", "FeatureExtractor\FeatureExtractor.vcxproj", "{729DEAD4-0F91-4C0A-8122-E8A318422870}"
EndProject
Project("{8BC9CEB8-8B4A-11D0-8D11-00A0C91BC942}") = "Matcher", "Matcher\Matcher.vcxproj", "{558E1C07-C542-4212-BDAC-CF9C618A90E2}"
EndProject
Project("{8BC9CEB8-8B4A-11D0-8D11-00A0C91BC942}") = "MotionEstimator", "MotionEstimator\MotionEstimator.vcxproj", "{E4E4AEC0-B9B7-4759-80B1-64BB21BD8089}"
EndProject
Project("{2150E333-8FDC-42A3-9474-1A3956D46DE8}") = "Applications", "Applications", "{341A5930-D802-4CF2-A91D-07B75B8E2EFB}"
EndProject
Project("{8BC9CEB8-8B4A-11D0-8D11-00A0C91BC942}") = "DepthMapGenerator", "DepthMapGenerator\DepthMapGenerator.vcxproj", "{94BFAB4D-C811-4D3C-8F6F-A3705288C41E}"
EndProject
Project("{8BC9CEB8-8B4A-11D0-8D11-00A0C91BC942}") = "DepthMapFilter", "DepthMapFilter\DepthMapFilter.vcxproj", "{B4F30C68-3F15-4600-83AC-56282589D304}"
EndProject
Project("{8BC9CEB8-8B4A-11D0-8D11-00A0C91BC942}") = "DepthMapFusion", "DepthMapFusion\DepthMapFusion.vcxproj", "{2B88233F-AC9D-47C8-A496-B392768881EC}"
EndProject
Project("{2150E333-8FDC-42A3-9474-1A3956D46DE8}") = "Utilites", "Utilites", "{7A87DA70-0AC3-4795-8DDB-B53EE4A8BF68}"
EndProject
Project("{8BC9CEB8-8B4A-11D0-8D11-00A0C91BC942}") = "ReconstructionUtilities", "ReconstructionUtilities\ReconstructionUtilities.vcxproj", "{0A8DAB0C-C043-47FE-92ED-F941E4433E23}"
EndProject
Project("{2150E333-8FDC-42A3-9474-1A3956D46DE8}") = "GUI Applications", "GUI Applications", "{2C518C97-3964-4483-9D76-B504C5DA70C4}"
EndProject
Project("{8BC9CEB8-8B4A-11D0-8D11-00A0C91BC942}") = "RecorderApp", "RecorderApp\RecorderApp.vcxproj", "{F56AC140-89FE-4470-9DC5-9F634E82327A}"
EndProject
Global
	GlobalSection(SolutionConfigurationPlatforms) = preSolution
		Debug|x64 = Debug|x64
		Debug|x86 = Debug|x86
		Release|x64 = Release|x64
		Release|x86 = Release|x86
	EndGlobalSection
	GlobalSection(ProjectConfigurationPlatforms) = postSolution
		{61513F94-0B6B-4FEC-A0D5-9CE8729A169C}.Debug|x64.ActiveCfg = Debug|x64
		{61513F94-0B6B-4FEC-A0D5-9CE8729A169C}.Debug|x64.Build.0 = Debug|x64
		{61513F94-0B6B-4FEC-A0D5-9CE8729A169C}.Debug|x86.ActiveCfg = Debug|Win32
		{61513F94-0B6B-4FEC-A0D5-9CE8729A169C}.Debug|x86.Build.0 = Debug|Win32
		{61513F94-0B6B-4FEC-A0D5-9CE8729A169C}.Release|x64.ActiveCfg = Release|x64
		{61513F94-0B6B-4FEC-A0D5-9CE8729A169C}.Release|x64.Build.0 = Release|x64
		{61513F94-0B6B-4FEC-A0D5-9CE8729A169C}.Release|x86.ActiveCfg = Release|Win32
		{61513F94-0B6B-4FEC-A0D5-9CE8729A169C}.Release|x86.Build.0 = Release|Win32
		{0C1A0C1E-2E57-4A04-99E9-3421F1F6BF01}.Debug|x64.ActiveCfg = Debug|x64
		{0C1A0C1E-2E57-4A04-99E9-3421F1F6BF01}.Debug|x64.Build.0 = Debug|x64
		{0C1A0C1E-2E57-4A04-99E9-3421F1F6BF01}.Debug|x86.ActiveCfg = Debug|Win32
		{0C1A0C1E-2E57-4A04-99E9-3421F1F6BF01}.Debug|x86.Build.0 = Debug|Win32
		{0C1A0C1E-2E57-4A04-99E9-3421F1F6BF01}.Release|x64.ActiveCfg = Release|x64
		{0C1A0C1E-2E57-4A04-99E9-3421F1F6BF01}.Release|x64.Build.0 = Release|x64
		{0C1A0C1E-2E57-4A04-99E9-3421F1F6BF01}.Release|x86.ActiveCfg = Release|Win32
		{0C1A0C1E-2E57-4A04-99E9-3421F1F6BF01}.Release|x86.Build.0 = Release|Win32
		{729DEAD4-0F91-4C0A-8122-E8A318422870}.Debug|x64.ActiveCfg = Debug|x64
		{729DEAD4-0F91-4C0A-8122-E8A318422870}.Debug|x64.Build.0 = Debug|x64
		{729DEAD4-0F91-4C0A-8122-E8A318422870}.Debug|x86.ActiveCfg = Debug|Win32
		{729DEAD4-0F91-4C0A-8122-E8A318422870}.Debug|x86.Build.0 = Debug|Win32
		{729DEAD4-0F91-4C0A-8122-E8A318422870}.Release|x64.ActiveCfg = Release|x64
		{729DEAD4-0F91-4C0A-8122-E8A318422870}.Release|x64.Build.0 = Release|x64
		{729DEAD4-0F91-4C0A-8122-E8A318422870}.Release|x86.ActiveCfg = Release|Win32
		{729DEAD4-0F91-4C0A-8122-E8A318422870}.Release|x86.Build.0 = Release|Win32
		{558E1C07-C542-4212-BDAC-CF9C618A90E2}.Debug|x64.ActiveCfg = Debug|x64
		{558E1C07-C542-4212-BDAC-CF9C618A90E2}.Debug|x64.Build.0 = Debug|x64
		{558E1C07-C542-4212-BDAC-CF9C618A90E2}.Debug|x86.ActiveCfg = Debug|Win32
		{558E1C07-C542-4212-BDAC-CF9C618A90E2}.Debug|x86.Build.0 = Debug|Win32
		{558E1C07-C542-4212-BDAC-CF9C618A90E2}.Release|x64.ActiveCfg = Release|x64
		{558E1C07-C542-4212-BDAC-CF9C618A90E2}.Release|x64.Build.0 = Release|x64
		{558E1C07-C542-4212-BDAC-CF9C618A90E2}.Release|x86.ActiveCfg = Release|Win32
		{558E1C07-C542-4212-BDAC-CF9C618A90E2}.Release|x86.Build.0 = Release|Win32
		{E4E4AEC0-B9B7-4759-80B1-64BB21BD8089}.Debug|x64.ActiveCfg = Debug|x64
		{E4E4AEC0-B9B7-4759-80B1-64BB21BD8089}.Debug|x64.Build.0 = Debug|x64
		{E4E4AEC0-B9B7-4759-80B1-64BB21BD8089}.Debug|x86.ActiveCfg = Debug|Win32
		{E4E4AEC0-B9B7-4759-80B1-64BB21BD8089}.Debug|x86.Build.0 = Debug|Win32
		{E4E4AEC0-B9B7-4759-80B1-64BB21BD8089}.Release|x64.ActiveCfg = Release|x64
		{E4E4AEC0-B9B7-4759-80B1-64BB21BD8089}.Release|x64.Build.0 = Release|x64
		{E4E4AEC0-B9B7-4759-80B1-64BB21BD8089}.Release|x86.ActiveCfg = Release|Win32
		{E4E4AEC0-B9B7-4759-80B1-64BB21BD8089}.Release|x86.Build.0 = Release|Win32
		{94BFAB4D-C811-4D3C-8F6F-A3705288C41E}.Debug|x64.ActiveCfg = Debug|x64
		{94BFAB4D-C811-4D3C-8F6F-A3705288C41E}.Debug|x64.Build.0 = Debug|x64
		{94BFAB4D-C811-4D3C-8F6F-A3705288C41E}.Debug|x86.ActiveCfg = Debug|Win32
		{94BFAB4D-C811-4D3C-8F6F-A3705288C41E}.Debug|x86.Build.0 = Debug|Win32
		{94BFAB4D-C811-4D3C-8F6F-A3705288C41E}.Release|x64.ActiveCfg = Release|x64
		{94BFAB4D-C811-4D3C-8F6F-A3705288C41E}.Release|x64.Build.0 = Release|x64
		{94BFAB4D-C811-4D3C-8F6F-A3705288C41E}.Release|x86.ActiveCfg = Release|Win32
		{94BFAB4D-C811-4D3C-8F6F-A3705288C41E}.Release|x86.Build.0 = Release|Win32
		{B4F30C68-3F15-4600-83AC-56282589D304}.Debug|x64.ActiveCfg = Debug|x64
		{B4F30C68-3F15-4600-83AC-56282589D304}.Debug|x64.Build.0 = Debug|x64
		{B4F30C68-3F15-4600-83AC-56282589D304}.Debug|x86.ActiveCfg = Debug|Win32
		{B4F30C68-3F15-4600-83AC-56282589D304}.Debug|x86.Build.0 = Debug|Win32
		{B4F30C68-3F15-4600-83AC-56282589D304}.Release|x64.ActiveCfg = Release|x64
		{B4F30C68-3F15-4600-83AC-56282589D304}.Release|x64.Build.0 = Release|x64
		{B4F30C68-3F15-4600-83AC-56282589D304}.Release|x86.ActiveCfg = Release|Win32
		{B4F30C68-3F15-4600-83AC-56282589D304}.Release|x86.Build.0 = Release|Win32
		{2B88233F-AC9D-47C8-A496-B392768881EC}.Debug|x64.ActiveCfg = Debug|x64
		{2B88233F-AC9D-47C8-A496-B392768881EC}.Debug|x64.Build.0 = Debug|x64
		{2B88233F-AC9D-47C8-A496-B392768881EC}.Debug|x86.ActiveCfg = Debug|Win32
		{2B88233F-AC9D-47C8-A496-B392768881EC}.Debug|x86.Build.0 = Debug|Win32
		{2B88233F-AC9D-47C8-A496-B392768881EC}.Release|x64.ActiveCfg = Release|x64
		{2B88233F-AC9D-47C8-A496-B392768881EC}.Release|x64.Build.0 = Release|x64
		{2B88233F-AC9D-47C8-A496-B392768881EC}.Release|x86.ActiveCfg = Release|Win32
		{2B88233F-AC9D-47C8-A496-B392768881EC}.Release|x86.Build.0 = Release|Win32
		{0A8DAB0C-C043-47FE-92ED-F941E4433E23}.Debug|x64.ActiveCfg = Debug|x64
		{0A8DAB0C-C043-47FE-92ED-F941E4433E23}.Debug|x64.Build.0 = Debug|x64
		{0A8DAB0C-C043-47FE-92ED-F941E4433E23}.Debug|x86.ActiveCfg = Debug|Win32
		{0A8DAB0C-C043-47FE-92ED-F941E4433E23}.Debug|x86.Build.0 = Debug|Win32
		{0A8DAB0C-C043-47FE-92ED-F941E4433E23}.Release|x64.ActiveCfg = Release|x64
		{0A8DAB0C-C043-47FE-92ED-F941E4433E23}.Release|x64.Build.0 = Release|x64
		{0A8DAB0C-C043-47FE-92ED-F941E4433E23}.Release|x86.ActiveCfg = Release|Win32
		{0A8DAB0C-C043-47FE-92ED-F941E4433E23}.Release|x86.Build.0 = Release|Win32
		{F56AC140-89FE-4470-9DC5-9F634E82327A}.Debug|x64.ActiveCfg = Debug|x64
		{F56AC140-89FE-4470-9DC5-9F634E82327A}.Debug|x64.Build.0 = Debug|x64
		{F56AC140-89FE-4470-9DC5-9F634E82327A}.Debug|x86.ActiveCfg = Debug|Win32
		{F56AC140-89FE-4470-9DC5-9F634E82327A}.Debug|x86.Build.0 = Debug|Win32
		{F56AC140-89FE-4470-9DC5-9F634E82327A}.Release|x64.ActiveCfg = Release|x64
		{F56AC140-89FE-4470-9DC5-9F634E82327A}.Release|x64.Build.0 = Release|x64
		{F56AC140-89FE-4470-9DC5-9F634E82327A}.Release|x86.ActiveCfg = Release|Win32
		{F56AC140-89FE-4470-9DC5-9F634E82327A}.Release|x86.Build.0 = Release|Win32
	EndGlobalSection
	GlobalSection(SolutionProperties) = preSolution
		HideSolutionNode = FALSE
	EndGlobalSection
	GlobalSection(NestedProjects) = preSolution
		{61513F94-0B6B-4FEC-A0D5-9CE8729A169C} = {341A5930-D802-4CF2-A91D-07B75B8E2EFB}
		{0C1A0C1E-2E57-4A04-99E9-3421F1F6BF01} = {341A5930-D802-4CF2-A91D-07B75B8E2EFB}
		{729DEAD4-0F91-4C0A-8122-E8A318422870} = {341A5930-D802-4CF2-A91D-07B75B8E2EFB}
		{558E1C07-C542-4212-BDAC-CF9C618A90E2} = {341A5930-D802-4CF2-A91D-07B75B8E2EFB}
		{E4E4AEC0-B9B7-4759-80B1-64BB21BD8089} = {341A5930-D802-4CF2-A91D-07B75B8E2EFB}
		{94BFAB4D-C811-4D3C-8F6F-A3705288C41E} = {341A5930-D802-4CF2-A91D-07B75B8E2EFB}
		{B4F30C68-3F15-4600-83AC-56282589D304} = {341A5930-D802-4CF2-A91D-07B75B8E2EFB}
		{2B88233F-AC9D-47C8-A496-B392768881EC} = {341A5930-D802-4CF2-A91D-07B75B8E2EFB}
		{0A8DAB0C-C043-47FE-92ED-F941E4433E23} = {7A87DA70-0AC3-4795-8DDB-B53EE4A8BF68}
		{F56AC140-89FE-4470-9DC5-9F634E82327A} = {2C518C97-3964-4483-9D76-B504C5DA70C4}
	EndGlobalSection
EndGlobal
